
Microsoft Visual Studio Solution File, Format Version 12.00
# Visual Studio Version 16
VisualStudioVersion = 16.0.30104.148
MinimumVisualStudioVersion = 10.0.40219.1
Project("{9A19103F-16F7-4668-BE54-9A1E7A4F7556}") = "NetCore.DbMigrations", "src\NetCore.DbMigrations\NetCore.DbMigrations.csproj", "{C6200F14-F581-4CE3-B6A7-2A38DB09ED59}"
EndProject
Project("{2150E333-8FDC-42A3-9474-1A3956D46DE8}") = "DotNetCore", "DotNetCore", "{BDF146CD-2AEC-4587-BF14-776DA53C88EA}"
EndProject
Project("{2150E333-8FDC-42A3-9474-1A3956D46DE8}") = "DotNet48", "DotNet48", "{B3E62664-6936-42F3-AE6A-F5EEBFCB0FCC}"
EndProject
Project("{9A19103F-16F7-4668-BE54-9A1E7A4F7556}") = "NetCore.DbMigrations.Test", "src\NetCore.DbMigrations.Test\NetCore.DbMigrations.Test.csproj", "{17F4E7F8-B650-4538-AE20-3F9EF2DBC796}"
EndProject
Project("{FAE04EC0-301F-11D3-BF4B-00C04F79EFBC}") = "Net48.DbMigrations", "src\Net48.DbMigrations\Net48.DbMigrations.csproj", "{B91DBD7B-B9DD-4F96-B0B3-F2DAAD46C6F7}"
EndProject
Project("{FAE04EC0-301F-11D3-BF4B-00C04F79EFBC}") = "Net48.DbMigrations.Test", "src\Net48.DbMigrations.Test\Net48.DbMigrations.Test.csproj", "{A1F365DC-50D5-489F-97F6-19793AA5A712}"
EndProject
Project("{2150E333-8FDC-42A3-9474-1A3956D46DE8}") = "SolutionFiles", "SolutionFiles", "{3E38BBBA-89C6-4E3E-8A3A-8CCA7046F731}"
	ProjectSection(SolutionItems) = preProject
		.gitignore = .gitignore
		LICENSE = LICENSE
		README.md = README.md
	EndProjectSection
EndProject
Global
	GlobalSection(SolutionConfigurationPlatforms) = preSolution
		Debug|Any CPU = Debug|Any CPU
		Release|Any CPU = Release|Any CPU
	EndGlobalSection
	GlobalSection(ProjectConfigurationPlatforms) = postSolution
		{C6200F14-F581-4CE3-B6A7-2A38DB09ED59}.Debug|Any CPU.ActiveCfg = Debug|Any CPU
		{C6200F14-F581-4CE3-B6A7-2A38DB09ED59}.Debug|Any CPU.Build.0 = Debug|Any CPU
		{C6200F14-F581-4CE3-B6A7-2A38DB09ED59}.Release|Any CPU.ActiveCfg = Release|Any CPU
		{C6200F14-F581-4CE3-B6A7-2A38DB09ED59}.Release|Any CPU.Build.0 = Release|Any CPU
		{17F4E7F8-B650-4538-AE20-3F9EF2DBC796}.Debug|Any CPU.ActiveCfg = Debug|Any CPU
		{17F4E7F8-B650-4538-AE20-3F9EF2DBC796}.Debug|Any CPU.Build.0 = Debug|Any CPU
		{17F4E7F8-B650-4538-AE20-3F9EF2DBC796}.Release|Any CPU.ActiveCfg = Release|Any CPU
		{17F4E7F8-B650-4538-AE20-3F9EF2DBC796}.Release|Any CPU.Build.0 = Release|Any CPU
		{B91DBD7B-B9DD-4F96-B0B3-F2DAAD46C6F7}.Debug|Any CPU.ActiveCfg = Debug|Any CPU
		{B91DBD7B-B9DD-4F96-B0B3-F2DAAD46C6F7}.Debug|Any CPU.Build.0 = Debug|Any CPU
		{B91DBD7B-B9DD-4F96-B0B3-F2DAAD46C6F7}.Release|Any CPU.ActiveCfg = Release|Any CPU
		{B91DBD7B-B9DD-4F96-B0B3-F2DAAD46C6F7}.Release|Any CPU.Build.0 = Release|Any CPU
		{A1F365DC-50D5-489F-97F6-19793AA5A712}.Debug|Any CPU.ActiveCfg = Debug|Any CPU
		{A1F365DC-50D5-489F-97F6-19793AA5A712}.Debug|Any CPU.Build.0 = Debug|Any CPU
		{A1F365DC-50D5-489F-97F6-19793AA5A712}.Release|Any CPU.ActiveCfg = Release|Any CPU
		{A1F365DC-50D5-489F-97F6-19793AA5A712}.Release|Any CPU.Build.0 = Release|Any CPU
	EndGlobalSection
	GlobalSection(SolutionProperties) = preSolution
		HideSolutionNode = FALSE
	EndGlobalSection
	GlobalSection(NestedProjects) = preSolution
		{C6200F14-F581-4CE3-B6A7-2A38DB09ED59} = {BDF146CD-2AEC-4587-BF14-776DA53C88EA}
		{17F4E7F8-B650-4538-AE20-3F9EF2DBC796} = {BDF146CD-2AEC-4587-BF14-776DA53C88EA}
		{B91DBD7B-B9DD-4F96-B0B3-F2DAAD46C6F7} = {B3E62664-6936-42F3-AE6A-F5EEBFCB0FCC}
		{A1F365DC-50D5-489F-97F6-19793AA5A712} = {B3E62664-6936-42F3-AE6A-F5EEBFCB0FCC}
	EndGlobalSection
	GlobalSection(ExtensibilityGlobals) = postSolution
		SolutionGuid = {BFDAEE1A-29E1-4260-8273-B342CCDC7CFB}
	EndGlobalSection
EndGlobal
